
Microsoft Visual Studio Solution File, Format Version 12.00
# Visual Studio Express 2012 for Windows Desktop
Project("{FAE04EC0-301F-11D3-BF4B-00C04F79EFBC}") = "ConsoleApplication16", "ConsoleApplication16\ConsoleApplication16.csproj", "{DBD62456-4A19-4A69-BD20-751EC4C9A45A}"
EndProject
Global
	GlobalSection(SolutionConfigurationPlatforms) = preSolution
		Debug|Any CPU = Debug|Any CPU
		Release|Any CPU = Release|Any CPU
	EndGlobalSection
	GlobalSection(ProjectConfigurationPlatforms) = postSolution
		{DBD62456-4A19-4A69-BD20-751EC4C9A45A}.Debug|Any CPU.ActiveCfg = Debug|Any CPU
		{DBD62456-4A19-4A69-BD20-751EC4C9A45A}.Debug|Any CPU.Build.0 = Debug|Any CPU
		{DBD62456-4A19-4A69-BD20-751EC4C9A45A}.Release|Any CPU.ActiveCfg = Release|Any CPU
		{DBD62456-4A19-4A69-BD20-751EC4C9A45A}.Release|Any CPU.Build.0 = Release|Any CPU
	EndGlobalSection
	GlobalSection(SolutionProperties) = preSolution
		HideSolutionNode = FALSE
	EndGlobalSection
EndGlobal
